
Microsoft Visual Studio Solution File, Format Version 12.00
# Visual Studio 14
VisualStudioVersion = 14.0.25420.1
MinimumVisualStudioVersion = 10.0.40219.1
Project("{FAE04EC0-301F-11D3-BF4B-00C04F79EFBC}") = "Server", "Server\Server.csproj", "{4BA80CBC-DC3B-4DA3-8905-4042D2B5572D}"
EndProject
Project("{FAE04EC0-301F-11D3-BF4B-00C04F79EFBC}") = "ProtocolCS", "..\Protocol\ProtocolCS\ProtocolCS\ProtocolCS.csproj", "{8D96A7A4-C194-4E5C-B300-71BA40C55D92}"
EndProject
Project("{FAE04EC0-301F-11D3-BF4B-00C04F79EFBC}") = "instance_match", "instance_match\instance_match.csproj", "{FE3012EC-8BB7-442A-93F0-3C2273F550BB}"
EndProject
Project("{FAE04EC0-301F-11D3-BF4B-00C04F79EFBC}") = "instance_game", "instance_game\instance_game.csproj", "{60E75D53-ED66-4090-AF61-276442154D90}"
EndProject
Global
	GlobalSection(SolutionConfigurationPlatforms) = preSolution
		Debug|Any CPU = Debug|Any CPU
		Release|Any CPU = Release|Any CPU
	EndGlobalSection
	GlobalSection(ProjectConfigurationPlatforms) = postSolution
		{4BA80CBC-DC3B-4DA3-8905-4042D2B5572D}.Debug|Any CPU.ActiveCfg = Debug|Any CPU
		{4BA80CBC-DC3B-4DA3-8905-4042D2B5572D}.Debug|Any CPU.Build.0 = Debug|Any CPU
		{4BA80CBC-DC3B-4DA3-8905-4042D2B5572D}.Release|Any CPU.ActiveCfg = Release|Any CPU
		{4BA80CBC-DC3B-4DA3-8905-4042D2B5572D}.Release|Any CPU.Build.0 = Release|Any CPU
		{8D96A7A4-C194-4E5C-B300-71BA40C55D92}.Debug|Any CPU.ActiveCfg = Debug|Any CPU
		{8D96A7A4-C194-4E5C-B300-71BA40C55D92}.Debug|Any CPU.Build.0 = Debug|Any CPU
		{8D96A7A4-C194-4E5C-B300-71BA40C55D92}.Release|Any CPU.ActiveCfg = Release|Any CPU
		{8D96A7A4-C194-4E5C-B300-71BA40C55D92}.Release|Any CPU.Build.0 = Release|Any CPU
		{FE3012EC-8BB7-442A-93F0-3C2273F550BB}.Debug|Any CPU.ActiveCfg = Debug|Any CPU
		{FE3012EC-8BB7-442A-93F0-3C2273F550BB}.Debug|Any CPU.Build.0 = Debug|Any CPU
		{FE3012EC-8BB7-442A-93F0-3C2273F550BB}.Release|Any CPU.ActiveCfg = Release|Any CPU
		{FE3012EC-8BB7-442A-93F0-3C2273F550BB}.Release|Any CPU.Build.0 = Release|Any CPU
		{60E75D53-ED66-4090-AF61-276442154D90}.Debug|Any CPU.ActiveCfg = Debug|Any CPU
		{60E75D53-ED66-4090-AF61-276442154D90}.Debug|Any CPU.Build.0 = Debug|Any CPU
		{60E75D53-ED66-4090-AF61-276442154D90}.Release|Any CPU.ActiveCfg = Release|Any CPU
		{60E75D53-ED66-4090-AF61-276442154D90}.Release|Any CPU.Build.0 = Release|Any CPU
	EndGlobalSection
	GlobalSection(SolutionProperties) = preSolution
		HideSolutionNode = FALSE
	EndGlobalSection
EndGlobal
